
Microsoft Visual Studio Solution File, Format Version 12.00
# Visual Studio 14
VisualStudioVersion = 14.0.25123.0
MinimumVisualStudioVersion = 10.0.40219.1
Project("{8BC9CEB8-8B4A-11D0-8D11-00A0C91BC942}") = "common", "common\common.vcxproj", "{7A10B66D-79C5-40D4-94FE-DCB920163FC1}"
EndProject
Project("{8BC9CEB8-8B4A-11D0-8D11-00A0C91BC942}") = "console", "console\console.vcxproj", "{13E18FE2-08A7-4975-8E4B-AAB095760DBB}"
EndProject
Project("{8BC9CEB8-8B4A-11D0-8D11-00A0C91BC942}") = "Engine", "Engine\Engine.vcxproj", "{D4769FB5-867B-4556-B1E2-1F8CA5740AA0}"
EndProject
Global
	GlobalSection(SolutionConfigurationPlatforms) = preSolution
		Debug|x64 = Debug|x64
		Debug|x86 = Debug|x86
		Release|x64 = Release|x64
		Release|x86 = Release|x86
	EndGlobalSection
	GlobalSection(ProjectConfigurationPlatforms) = postSolution
		{7A10B66D-79C5-40D4-94FE-DCB920163FC1}.Debug|x64.ActiveCfg = Debug|x64
		{7A10B66D-79C5-40D4-94FE-DCB920163FC1}.Debug|x64.Build.0 = Debug|x64
		{7A10B66D-79C5-40D4-94FE-DCB920163FC1}.Debug|x86.ActiveCfg = Debug|Win32
		{7A10B66D-79C5-40D4-94FE-DCB920163FC1}.Debug|x86.Build.0 = Debug|Win32
		{7A10B66D-79C5-40D4-94FE-DCB920163FC1}.Release|x64.ActiveCfg = Release|x64
		{7A10B66D-79C5-40D4-94FE-DCB920163FC1}.Release|x64.Build.0 = Release|x64
		{7A10B66D-79C5-40D4-94FE-DCB920163FC1}.Release|x86.ActiveCfg = Release|Win32
		{7A10B66D-79C5-40D4-94FE-DCB920163FC1}.Release|x86.Build.0 = Release|Win32
		{13E18FE2-08A7-4975-8E4B-AAB095760DBB}.Debug|x64.ActiveCfg = Debug|x64
		{13E18FE2-08A7-4975-8E4B-AAB095760DBB}.Debug|x64.Build.0 = Debug|x64
		{13E18FE2-08A7-4975-8E4B-AAB095760DBB}.Debug|x86.ActiveCfg = Debug|Win32
		{13E18FE2-08A7-4975-8E4B-AAB095760DBB}.Debug|x86.Build.0 = Debug|Win32
		{13E18FE2-08A7-4975-8E4B-AAB095760DBB}.Release|x64.ActiveCfg = Release|x64
		{13E18FE2-08A7-4975-8E4B-AAB095760DBB}.Release|x64.Build.0 = Release|x64
		{13E18FE2-08A7-4975-8E4B-AAB095760DBB}.Release|x86.ActiveCfg = Release|Win32
		{13E18FE2-08A7-4975-8E4B-AAB095760DBB}.Release|x86.Build.0 = Release|Win32
		{D4769FB5-867B-4556-B1E2-1F8CA5740AA0}.Debug|x64.ActiveCfg = Debug|x64
		{D4769FB5-867B-4556-B1E2-1F8CA5740AA0}.Debug|x64.Build.0 = Debug|x64
		{D4769FB5-867B-4556-B1E2-1F8CA5740AA0}.Debug|x86.ActiveCfg = Debug|Win32
		{D4769FB5-867B-4556-B1E2-1F8CA5740AA0}.Debug|x86.Build.0 = Debug|Win32
		{D4769FB5-867B-4556-B1E2-1F8CA5740AA0}.Release|x64.ActiveCfg = Release|x64
		{D4769FB5-867B-4556-B1E2-1F8CA5740AA0}.Release|x64.Build.0 = Release|x64
		{D4769FB5-867B-4556-B1E2-1F8CA5740AA0}.Release|x86.ActiveCfg = Release|Win32
		{D4769FB5-867B-4556-B1E2-1F8CA5740AA0}.Release|x86.Build.0 = Release|Win32
	EndGlobalSection
	GlobalSection(SolutionProperties) = preSolution
		HideSolutionNode = FALSE
	EndGlobalSection
EndGlobal
